
Microsoft Visual Studio Solution File, Format Version 12.00
# Visual Studio Version 17
VisualStudioVersion = 17.0.32112.339
MinimumVisualStudioVersion = 10.0.40219.1
Project("{FAE04EC0-301F-11D3-BF4B-00C04F79EFBC}") = "LocadoraAutomoveis.WinFormsApp", "LocadoraAutomoveis.WinFormsApp\LocadoraAutomoveis.WinFormsApp.csproj", "{36EC600D-C5D1-47D0-9049-21E9915AA120}"
EndProject
Global
	GlobalSection(SolutionConfigurationPlatforms) = preSolution
		Debug|Any CPU = Debug|Any CPU
		Release|Any CPU = Release|Any CPU
	EndGlobalSection
	GlobalSection(ProjectConfigurationPlatforms) = postSolution
		{36EC600D-C5D1-47D0-9049-21E9915AA120}.Debug|Any CPU.ActiveCfg = Debug|Any CPU
		{36EC600D-C5D1-47D0-9049-21E9915AA120}.Debug|Any CPU.Build.0 = Debug|Any CPU
		{36EC600D-C5D1-47D0-9049-21E9915AA120}.Release|Any CPU.ActiveCfg = Release|Any CPU
		{36EC600D-C5D1-47D0-9049-21E9915AA120}.Release|Any CPU.Build.0 = Release|Any CPU
	EndGlobalSection
	GlobalSection(SolutionProperties) = preSolution
		HideSolutionNode = FALSE
	EndGlobalSection
	GlobalSection(ExtensibilityGlobals) = postSolution
		SolutionGuid = {BFB22DCF-72CE-4820-99D4-D5A13699E51E}
	EndGlobalSection
EndGlobal
